
Microsoft Visual Studio Solution File, Format Version 12.00
# Visual Studio Version 17
VisualStudioVersion = 17.8.34511.84
MinimumVisualStudioVersion = 10.0.40219.1
Project("{9A19103F-16F7-4668-BE54-9A1E7A4F7556}") = "CookNet", "CookNet\CookNet\CookNet.csproj", "{37149E8B-6640-4779-BF24-5F54B7E2AB20}"
EndProject
Project("{9A19103F-16F7-4668-BE54-9A1E7A4F7556}") = "CookNet.Client", "CookNet\CookNet.Client\CookNet.Client.csproj", "{84F76AA6-DBC6-4028-B0BC-DB4AFD389DC7}"
EndProject
Global
	GlobalSection(SolutionConfigurationPlatforms) = preSolution
		Debug|Any CPU = Debug|Any CPU
		Release|Any CPU = Release|Any CPU
	EndGlobalSection
	GlobalSection(ProjectConfigurationPlatforms) = postSolution
		{37149E8B-6640-4779-BF24-5F54B7E2AB20}.Debug|Any CPU.ActiveCfg = Debug|Any CPU
		{37149E8B-6640-4779-BF24-5F54B7E2AB20}.Debug|Any CPU.Build.0 = Debug|Any CPU
		{37149E8B-6640-4779-BF24-5F54B7E2AB20}.Release|Any CPU.ActiveCfg = Release|Any CPU
		{37149E8B-6640-4779-BF24-5F54B7E2AB20}.Release|Any CPU.Build.0 = Release|Any CPU
		{84F76AA6-DBC6-4028-B0BC-DB4AFD389DC7}.Debug|Any CPU.ActiveCfg = Debug|Any CPU
		{84F76AA6-DBC6-4028-B0BC-DB4AFD389DC7}.Debug|Any CPU.Build.0 = Debug|Any CPU
		{84F76AA6-DBC6-4028-B0BC-DB4AFD389DC7}.Release|Any CPU.ActiveCfg = Release|Any CPU
		{84F76AA6-DBC6-4028-B0BC-DB4AFD389DC7}.Release|Any CPU.Build.0 = Release|Any CPU
	EndGlobalSection
	GlobalSection(SolutionProperties) = preSolution
		HideSolutionNode = FALSE
	EndGlobalSection
	GlobalSection(ExtensibilityGlobals) = postSolution
		SolutionGuid = {AAF431D9-6F5B-4460-9B31-B1F144BF1CA6}
	EndGlobalSection
EndGlobal
